
Microsoft Visual Studio Solution File, Format Version 12.00
# Visual Studio Version 17
VisualStudioVersion = 17.6.33829.357
MinimumVisualStudioVersion = 10.0.40219.1
Project("{FAE04EC0-301F-11D3-BF4B-00C04F79EFBC}") = "Minesweeper", "Minesweeper\Minesweeper.csproj", "{067C93EC-6896-4932-AEF6-63FA0010C472}"
EndProject
Project("{FAE04EC0-301F-11D3-BF4B-00C04F79EFBC}") = "Minesweeper_tests", "Minesweeper_tests\Minesweeper_tests.csproj", "{8422FE57-B5F2-444A-8388-A438D4482F88}"
EndProject
Global
	GlobalSection(SolutionConfigurationPlatforms) = preSolution
		Debug|Any CPU = Debug|Any CPU
		Release|Any CPU = Release|Any CPU
	EndGlobalSection
	GlobalSection(ProjectConfigurationPlatforms) = postSolution
		{067C93EC-6896-4932-AEF6-63FA0010C472}.Debug|Any CPU.ActiveCfg = Debug|Any CPU
		{067C93EC-6896-4932-AEF6-63FA0010C472}.Debug|Any CPU.Build.0 = Debug|Any CPU
		{067C93EC-6896-4932-AEF6-63FA0010C472}.Release|Any CPU.ActiveCfg = Release|Any CPU
		{067C93EC-6896-4932-AEF6-63FA0010C472}.Release|Any CPU.Build.0 = Release|Any CPU
		{8422FE57-B5F2-444A-8388-A438D4482F88}.Debug|Any CPU.ActiveCfg = Debug|Any CPU
		{8422FE57-B5F2-444A-8388-A438D4482F88}.Debug|Any CPU.Build.0 = Debug|Any CPU
		{8422FE57-B5F2-444A-8388-A438D4482F88}.Release|Any CPU.ActiveCfg = Release|Any CPU
		{8422FE57-B5F2-444A-8388-A438D4482F88}.Release|Any CPU.Build.0 = Release|Any CPU
	EndGlobalSection
	GlobalSection(SolutionProperties) = preSolution
		HideSolutionNode = FALSE
	EndGlobalSection
	GlobalSection(ExtensibilityGlobals) = postSolution
		SolutionGuid = {3E11D278-6C82-4008-B254-7A435ABA6EA2}
	EndGlobalSection
EndGlobal
