
Microsoft Visual Studio Solution File, Format Version 12.00
# Visual Studio Version 17
VisualStudioVersion = 17.6.33829.357
MinimumVisualStudioVersion = 10.0.40219.1
Project("{FAE04EC0-301F-11D3-BF4B-00C04F79EFBC}") = "Minesweeper", "Minesweeper\Minesweeper.csproj", "{067C93EC-6896-4932-AEF6-63FA0010C472}"
EndProject
Project("{9A19103F-16F7-4668-BE54-9A1E7A4F7556}") = "MinesweeperTests2", "MinesweeperTests2\MinesweeperTests2.csproj", "{3C347859-A1DD-484B-AAF7-5EB2B439D88F}"
EndProject
Project("{FAE04EC0-301F-11D3-BF4B-00C04F79EFBC}") = "ClassLibraryMineSweeper", "ClassLibraryMineSweeper\ClassLibraryMineSweeper.csproj", "{312CCB7F-5BC8-4CDC-B82E-8377DC837A29}"
EndProject
Global
	GlobalSection(SolutionConfigurationPlatforms) = preSolution
		Debug|Any CPU = Debug|Any CPU
		Release|Any CPU = Release|Any CPU
	EndGlobalSection
	GlobalSection(ProjectConfigurationPlatforms) = postSolution
		{067C93EC-6896-4932-AEF6-63FA0010C472}.Debug|Any CPU.ActiveCfg = Debug|Any CPU
		{067C93EC-6896-4932-AEF6-63FA0010C472}.Debug|Any CPU.Build.0 = Debug|Any CPU
		{067C93EC-6896-4932-AEF6-63FA0010C472}.Release|Any CPU.ActiveCfg = Release|Any CPU
		{067C93EC-6896-4932-AEF6-63FA0010C472}.Release|Any CPU.Build.0 = Release|Any CPU
		{3C347859-A1DD-484B-AAF7-5EB2B439D88F}.Debug|Any CPU.ActiveCfg = Debug|Any CPU
		{3C347859-A1DD-484B-AAF7-5EB2B439D88F}.Debug|Any CPU.Build.0 = Debug|Any CPU
		{3C347859-A1DD-484B-AAF7-5EB2B439D88F}.Release|Any CPU.ActiveCfg = Release|Any CPU
		{3C347859-A1DD-484B-AAF7-5EB2B439D88F}.Release|Any CPU.Build.0 = Release|Any CPU
		{312CCB7F-5BC8-4CDC-B82E-8377DC837A29}.Debug|Any CPU.ActiveCfg = Debug|Any CPU
		{312CCB7F-5BC8-4CDC-B82E-8377DC837A29}.Debug|Any CPU.Build.0 = Debug|Any CPU
		{312CCB7F-5BC8-4CDC-B82E-8377DC837A29}.Release|Any CPU.ActiveCfg = Release|Any CPU
		{312CCB7F-5BC8-4CDC-B82E-8377DC837A29}.Release|Any CPU.Build.0 = Release|Any CPU
	EndGlobalSection
	GlobalSection(SolutionProperties) = preSolution
		HideSolutionNode = FALSE
	EndGlobalSection
	GlobalSection(ExtensibilityGlobals) = postSolution
		SolutionGuid = {3E11D278-6C82-4008-B254-7A435ABA6EA2}
	EndGlobalSection
EndGlobal
